
Microsoft Visual Studio Solution File, Format Version 12.00
# Visual Studio Version 17
VisualStudioVersion = 17.10.35004.147
MinimumVisualStudioVersion = 10.0.40219.1
Project("{FAE04EC0-301F-11D3-BF4B-00C04F79EFBC}") = "mf-api-web-services-fuel-manager", "mf-api-web-services-fuel-manager.csproj", "{FD3F2100-EB4E-4687-A4E0-FCDA30756F70}"
EndProject
Global
	GlobalSection(SolutionConfigurationPlatforms) = preSolution
		Debug|Any CPU = Debug|Any CPU
		Release|Any CPU = Release|Any CPU
	EndGlobalSection
	GlobalSection(ProjectConfigurationPlatforms) = postSolution
		{FD3F2100-EB4E-4687-A4E0-FCDA30756F70}.Debug|Any CPU.ActiveCfg = Debug|Any CPU
		{FD3F2100-EB4E-4687-A4E0-FCDA30756F70}.Debug|Any CPU.Build.0 = Debug|Any CPU
		{FD3F2100-EB4E-4687-A4E0-FCDA30756F70}.Release|Any CPU.ActiveCfg = Release|Any CPU
		{FD3F2100-EB4E-4687-A4E0-FCDA30756F70}.Release|Any CPU.Build.0 = Release|Any CPU
	EndGlobalSection
	GlobalSection(SolutionProperties) = preSolution
		HideSolutionNode = FALSE
	EndGlobalSection
	GlobalSection(ExtensibilityGlobals) = postSolution
		SolutionGuid = {5E726B19-507E-4601-8346-A7886028A9FF}
	EndGlobalSection
EndGlobal
